
Microsoft Visual Studio Solution File, Format Version 12.00
# Visual Studio Version 16
VisualStudioVersion = 16.0.30611.23
MinimumVisualStudioVersion = 15.0.26124.0
Project("{FAE04EC0-301F-11D3-BF4B-00C04F79EFBC}") = "KursovayaRabotaIspravleno1.Objects", "Objects/KursovayaRabotaIspravleno1.Objects.csproj", "cbc918b6-9b9d-400b-9a57-b7ff8b7b8047"
EndProject
Project("{FAE04EC0-301F-11D3-BF4B-00C04F79EFBC}") = "KursovayaRabotaIspravleno1.Tests", "Tests/KursovayaRabotaIspravleno1.Tests.csproj", "123abf09-42ba-43ee-90cc-3d38055ffff2"
EndProject
Project("{FAE04EC0-301F-11D3-BF4B-00C04F79EFBC}") = "KursovayaRabotaIspravleno1.ODataBackend", "ODataBackend/KursovayaRabotaIspravleno1.ODataBackend.csproj", "35d7a2b8-b432-4b97-b2bc-5b70be3ba177"
EndProject
Project("{FAE04EC0-301F-11D3-BF4B-00C04F79EFBC}") = "KursovayaRabotaIspravleno1.IntegrationTests", "IntegrationTests/KursovayaRabotaIspravleno1.IntegrationTests.csproj", "ba3918fa-0539-467c-a6b7-72d48f5bc51c"
EndProject
Global
	GlobalSection(SolutionConfigurationPlatforms) = preSolution
Debug|Any CPU = Debug|Any CPU
Release|Any CPU = Release|Any CPU
	EndGlobalSection
	GlobalSection(ProjectConfigurationPlatforms) = postSolution
		cbc918b6-9b9d-400b-9a57-b7ff8b7b8047.Debug|Any CPU.ActiveCfg = Debug|Any CPU
		cbc918b6-9b9d-400b-9a57-b7ff8b7b8047.Debug|Any CPU.Build.0 = Debug|Any CPU
		cbc918b6-9b9d-400b-9a57-b7ff8b7b8047.Release|Any CPU.ActiveCfg = Release|Any CPU
		cbc918b6-9b9d-400b-9a57-b7ff8b7b8047.Release|Any CPU.Build.0 = Release|Any CPU
		123abf09-42ba-43ee-90cc-3d38055ffff2.Debug|Any CPU.ActiveCfg = Debug|Any CPU
		123abf09-42ba-43ee-90cc-3d38055ffff2.Debug|Any CPU.Build.0 = Debug|Any CPU
		123abf09-42ba-43ee-90cc-3d38055ffff2.Release|Any CPU.ActiveCfg = Release|Any CPU
		123abf09-42ba-43ee-90cc-3d38055ffff2.Release|Any CPU.Build.0 = Release|Any CPU
		35d7a2b8-b432-4b97-b2bc-5b70be3ba177.Debug|Any CPU.ActiveCfg = Debug|Any CPU
		35d7a2b8-b432-4b97-b2bc-5b70be3ba177.Debug|Any CPU.Build.0 = Debug|Any CPU
		35d7a2b8-b432-4b97-b2bc-5b70be3ba177.Release|Any CPU.ActiveCfg = Release|Any CPU
		35d7a2b8-b432-4b97-b2bc-5b70be3ba177.Release|Any CPU.Build.0 = Release|Any CPU
		ba3918fa-0539-467c-a6b7-72d48f5bc51c.Debug|Any CPU.ActiveCfg = Debug|Any CPU
		ba3918fa-0539-467c-a6b7-72d48f5bc51c.Debug|Any CPU.Build.0 = Debug|Any CPU
		ba3918fa-0539-467c-a6b7-72d48f5bc51c.Release|Any CPU.ActiveCfg = Release|Any CPU
		ba3918fa-0539-467c-a6b7-72d48f5bc51c.Release|Any CPU.Build.0 = Release|Any CPU
	EndGlobalSection
	GlobalSection(SolutionProperties) = preSolution
		HideSolutionNode = FALSE
	EndGlobalSection
EndGlobal
